{
  "name": "FTP",
  "version": "2.0.0",
  "lockfileVersion": 3,
  "requires": true,
  "packages": {
    "": {
      "name": "FTP",
      "version": "2.0.0",
      "license": "MIT",
      "dependencies": {
        "@types/mocha": "^9.1.1",
        "@types/node": "^20.3.1",
        "azure-pipelines-task-lib": "file:../../task-lib/node/_build",
        "basic-ftp": "^4.6.6"
      },
      "devDependencies": {
        "typescript": "5.1.6"
      }
    },
    "../../task-lib/node/_build": {
      "name": "azure-pipelines-task-lib",
      "version": "4.17.3",
      "license": "MIT",
      "dependencies": {
        "adm-zip": "^0.5.10",
        "minimatch": "3.0.5",
        "nodejs-file-downloader": "^4.11.1",
        "q": "^1.5.1",
        "semver": "^5.7.2",
        "shelljs": "^0.8.5",
        "uuid": "^3.0.1"
      },
      "devDependencies": {
        "@types/minimatch": "3.0.3",
        "@types/mocha": "^9.1.1",
        "@types/node": "^16.11.39",
        "@types/q": "^1.5.4",
        "@types/semver": "^7.3.4",
        "@types/shelljs": "^0.8.8",
        "mocha": "^9.2.2",
        "typescript": "^4.0.0"
      }
    },
    "node_modules/@types/mocha": {
      "version": "9.1.1",
      "resolved": "https://pkgs.dev.azure.com/mseng/PipelineTools/_packaging/PipelineTools_PublicPackages/npm/registry/@types/mocha/-/mocha-9.1.1.tgz",
      "integrity": "sha512-Z61JK7DKDtdKTWwLeElSEBcWGRLY8g95ic5FoQqI9CMx0ns/Ghep3B4DfcEimiKMvtamNVULVNKEsiwV3aQmXw==",
      "license": "MIT"
    },
    "node_modules/@types/node": {
      "version": "20.17.6",
      "resolved": "https://pkgs.dev.azure.com/mseng/PipelineTools/_packaging/PipelineTools_PublicPackages/npm/registry/@types/node/-/node-20.17.6.tgz",
      "integrity": "sha1-bkBzIwwYDTV56MYBQfme/fXfAIE=",
      "license": "MIT",
      "dependencies": {
        "undici-types": "~6.19.2"
      }
    },
    "node_modules/azure-pipelines-task-lib": {
      "resolved": "../../task-lib/node/_build",
      "link": true
    },
    "node_modules/basic-ftp": {
      "version": "4.6.6",
      "resolved": "https://pkgs.dev.azure.com/mseng/PipelineTools/_packaging/PipelineTools_PublicPackages/npm/registry/basic-ftp/-/basic-ftp-4.6.6.tgz",
      "integrity": "sha512-5nTclY5mVxjeFoq9cBTzgQvcM1UfeGTd4hCCvb8AgC88wHMDQCD4UX5hZo2jaiSh96Nf+gFy1joNI9iH639bvQ==",
      "license": "MIT",
      "engines": {
        "node": ">=8.0.0"
      }
    },
    "node_modules/typescript": {
      "version": "5.1.6",
      "resolved": "https://pkgs.dev.azure.com/mseng/PipelineTools/_packaging/PipelineTools_PublicPackages/npm/registry/typescript/-/typescript-5.1.6.tgz",
      "integrity": "sha1-AvisICttrSwN1eCRN0W0ejeZgnQ=",
      "dev": true,
      "license": "Apache-2.0",
      "bin": {
        "tsc": "bin/tsc",
        "tsserver": "bin/tsserver"
      },
      "engines": {
        "node": ">=14.17"
      }
    },
    "node_modules/undici-types": {
      "version": "6.19.8",
      "resolved": "https://pkgs.dev.azure.com/mseng/PipelineTools/_packaging/PipelineTools_PublicPackages/npm/registry/undici-types/-/undici-types-6.19.8.tgz",
      "integrity": "sha1-NREcnRQ3q4OnzcCrri8m2I7aCgI=",
      "license": "MIT"
    }
  }
}
