{
  "name": "azure-pipelines-tasks-securefiles-common",
  "version": "2.0.2-preview",
  "lockfileVersion": 1,
  "requires": true,
  "dependencies": {
    "@types/node": {
      "version": "14.14.0",
      "resolved": "https://registry.npmjs.org/@types/node/-/node-14.14.0.tgz",
      "integrity": "sha512-BfbIHP9IapdupGhq/hc+jT5dyiBVZ2DdeC5WwJWQWDb0GijQlzUFAeIQn/2GtvZcd2HVUU7An8felIICFTC2qg=="
    },
    "@types/q": {
      "version": "1.5.4",
      "resolved": "https://registry.npmjs.org/@types/q/-/q-1.5.4.tgz",
      "integrity": "sha512-1HcDas8SEj4z1Wc696tH56G8OlRaH/sqZOynNNB+HF0WOeXPaxTtbYzJY2oEfiUxjSKjhCKr+MvR7dCHcEelug=="
    },
    "azure-devops-node-api": {
      "version": "7.2.0",
      "resolved": "https://registry.npmjs.org/azure-devops-node-api/-/azure-devops-node-api-7.2.0.tgz",
      "integrity": "sha512-pMfGJ6gAQ7LRKTHgiRF+8iaUUeGAI0c8puLaqHLc7B8AR7W6GJLozK9RFeUHFjEGybC9/EB3r67WPd7e46zQ8w==",
      "requires": {
        "os": "0.1.1",
        "tunnel": "0.0.4",
        "typed-rest-client": "1.2.0",
        "underscore": "1.8.3"
      },
      "dependencies": {
        "typed-rest-client": {
          "version": "1.2.0",
          "resolved": "https://registry.npmjs.org/typed-rest-client/-/typed-rest-client-1.2.0.tgz",
          "integrity": "sha512-FrUshzZ1yxH8YwGR29PWWnfksLEILbWJydU7zfIRkyH7kAEzB62uMAl2WY6EyolWpLpVHeJGgQm45/MaruaHpw==",
          "requires": {
            "tunnel": "0.0.4",
            "underscore": "1.8.3"
          }
        }
      }
    },
    "os": {
      "version": "0.1.1",
      "resolved": "https://registry.npmjs.org/os/-/os-0.1.1.tgz",
      "integrity": "sha1-IIhF6J4ZOtTZcUdLk5R3NqVtE/M="
    },
    "tunnel": {
      "version": "0.0.4",
      "resolved": "https://registry.npmjs.org/tunnel/-/tunnel-0.0.4.tgz",
      "integrity": "sha1-LTeFoVjBdMmhbcLARuxfxfF0IhM="
    },
    "typescript": {
      "version": "4.0.3",
      "resolved": "https://registry.npmjs.org/typescript/-/typescript-4.0.3.tgz",
      "integrity": "sha512-tEu6DGxGgRJPb/mVPIZ48e69xCn2yRmCgYmDugAVwmJ6o+0u1RI18eO7E7WBTLYLaEVVOhwQmcdhQHweux/WPg==",
      "dev": true
    },
    "underscore": {
      "version": "1.8.3",
      "resolved": "https://registry.npmjs.org/underscore/-/underscore-1.8.3.tgz",
      "integrity": "sha1-Tz+1OxBuYJf8+ctBCfKl6b36UCI="
    }
  }
}
