{
    "name": "azure-cli-tests",
    "version": "1.0.0",
    "lockfileVersion": 3,
    "requires": true,
    "packages": {
        "": {
            "name": "azure-cli-tests",
            "version": "1.0.0",
            "license": "MIT",
            "devDependencies": {
                "@types/mocha": "^10.0.10"
            }
        },
        "node_modules/@types/mocha": {
            "version": "10.0.10",
            "resolved": "https://pkgs.dev.azure.com/mseng/PipelineTools/_packaging/PipelineTools_PublicPackages/npm/registry/@types/mocha/-/mocha-10.0.10.tgz",
            "integrity": "sha1-kfYpBejSPL1mIlMS8jlFSiO+v6A=",
            "dev": true,
            "license": "MIT"
        }
    }
}
