{
  "name": "nuget-authenticate-tests",
  "version": "1.0.0",
  "lockfileVersion": 3,
  "requires": true,
  "packages": {
    "": {
      "name": "nuget-authenticate-tests",
      "version": "1.0.0",
      "license": "MIT",
      "devDependencies": {
        "undici-types": "^5.26.5"
      }
    },
    "node_modules/undici-types": {
      "version": "5.26.5",
      "resolved": "https://pkgs.dev.azure.com/mseng/PipelineTools/_packaging/PipelineTools_PublicPackages/npm/registry/undici-types/-/undici-types-5.26.5.tgz",
      "integrity": "sha1-vNU5iT0AtW6WT9JlekhmsiGmVhc=",
      "dev": true,
      "license": "MIT"
    }
  }
}
