{
  "name": "vsts-azureappconfiguration-snapshot-task",
  "version": "1.0.0",
  "lockfileVersion": 3,
  "requires": true,
  "packages": {
    "": {
      "name": "vsts-azureappconfiguration-snapshot-task",
      "version": "1.0.0",
      "license": "MIT",
      "dependencies": {
        "@azure/app-configuration": "^1.5.0",
        "@azure/identity": "^3.1.2",
        "@types/mocha": "^5.2.7",
        "@types/node": "^20.3.1",
        "agent-base": "^6.0.2",
        "azure-pipelines-task-lib": "file:../../task-lib/node/_build",
        "azure-pipelines-tasks-azure-arm-rest": "file:../../tasks-common/common-npm-packages/azure-arm-rest/_build",
        "lodash": "^4.17.21"
      },
      "devDependencies": {
        "typescript": "5.1.6"
      }
    },
    "../../task-lib/node/_build": {
      "name": "azure-pipelines-task-lib",
      "version": "4.17.3",
      "license": "MIT",
      "dependencies": {
        "adm-zip": "^0.5.10",
        "minimatch": "3.0.5",
        "nodejs-file-downloader": "^4.11.1",
        "q": "^1.5.1",
        "semver": "^5.7.2",
        "shelljs": "^0.8.5",
        "uuid": "^3.0.1"
      },
      "devDependencies": {
        "@types/minimatch": "3.0.3",
        "@types/mocha": "^9.1.1",
        "@types/node": "^16.11.39",
        "@types/q": "^1.5.4",
        "@types/semver": "^7.3.4",
        "@types/shelljs": "^0.8.8",
        "mocha": "^9.2.2",
        "typescript": "^4.0.0"
      }
    },
    "../../tasks-common/common-npm-packages/azure-arm-rest/_build": {
      "name": "azure-pipelines-tasks-azure-arm-rest",
      "version": "3.248.0",
      "license": "MIT",
      "dependencies": {
        "@types/jsonwebtoken": "^8.5.8",
        "@types/mocha": "^5.2.7",
        "@types/node": "^10.17.0",
        "@types/q": "1.5.4",
        "async-mutex": "^0.4.0",
        "azure-devops-node-api": "^14.0.1",
        "azure-pipelines-task-lib": "^4.11.0",
        "https-proxy-agent": "^4.0.0",
        "jsonwebtoken": "^9.0.0",
        "msalv1": "npm:@azure/msal-node@^1.18.4",
        "msalv2": "npm:@azure/msal-node@^2.7.0",
        "node-fetch": "^2.6.7",
        "q": "1.5.1",
        "typed-rest-client": "^2.0.1",
        "xml2js": "0.6.2"
      },
      "devDependencies": {
        "nock": "^13.5.5",
        "shelljs": "^0.8.5",
        "typescript": "^4.9.5"
      }
    },
    "node_modules/@azure/abort-controller": {
      "version": "1.1.0",
      "resolved": "https://pkgs.dev.azure.com/mseng/PipelineTools/_packaging/PipelineTools_PublicPackages/npm/registry/@azure/abort-controller/-/abort-controller-1.1.0.tgz",
      "integrity": "sha512-TrRLIoSQVzfAJX9H1JeFjzAoDGcoK1IYX1UImfceTZpsyYfWr09Ss1aHW1y5TrrR3iq6RZLBwJ3E24uwPhwahw==",
      "dependencies": {
        "tslib": "^2.2.0"
      },
      "engines": {
        "node": ">=12.0.0"
      }
    },
    "node_modules/@azure/app-configuration": {
      "version": "1.6.1",
      "resolved": "https://pkgs.dev.azure.com/mseng/PipelineTools/_packaging/PipelineTools_PublicPackages/npm/registry/@azure/app-configuration/-/app-configuration-1.6.1.tgz",
      "integrity": "sha512-pk8zyG/8Nc6VN7uDA9QY19UFhTXneUbnB+5IcW9uuPyVDXU17TcXBI4xY1ZBm7hmhn0yh3CeZK4kOxa/tjsMqQ==",
      "dependencies": {
        "@azure/abort-controller": "^1.0.0",
        "@azure/core-auth": "^1.3.0",
        "@azure/core-client": "^1.5.0",
        "@azure/core-http-compat": "^2.0.0",
        "@azure/core-lro": "^2.5.1",
        "@azure/core-paging": "^1.4.0",
        "@azure/core-rest-pipeline": "^1.6.0",
        "@azure/core-tracing": "^1.0.0",
        "@azure/core-util": "^1.6.1",
        "@azure/logger": "^1.0.0",
        "tslib": "^2.2.0"
      },
      "engines": {
        "node": ">=18.0.0"
      }
    },
    "node_modules/@azure/core-auth": {
      "version": "1.7.2",
      "resolved": "https://pkgs.dev.azure.com/mseng/PipelineTools/_packaging/PipelineTools_PublicPackages/npm/registry/@azure/core-auth/-/core-auth-1.7.2.tgz",
      "integrity": "sha512-Igm/S3fDYmnMq1uKS38Ae1/m37B3zigdlZw+kocwEhh5GjyKjPrXKO2J6rzpC1wAxrNil/jX9BJRqBshyjnF3g==",
      "dependencies": {
        "@azure/abort-controller": "^2.0.0",
        "@azure/core-util": "^1.1.0",
        "tslib": "^2.6.2"
      },
      "engines": {
        "node": ">=18.0.0"
      }
    },
    "node_modules/@azure/core-auth/node_modules/@azure/abort-controller": {
      "version": "2.1.2",
      "resolved": "https://pkgs.dev.azure.com/mseng/PipelineTools/_packaging/PipelineTools_PublicPackages/npm/registry/@azure/abort-controller/-/abort-controller-2.1.2.tgz",
      "integrity": "sha512-nBrLsEWm4J2u5LpAPjxADTlq3trDgVZZXHNKabeXZtpq3d3AbN/KGO82R87rdDz5/lYB024rtEf10/q0urNgsA==",
      "dependencies": {
        "tslib": "^2.6.2"
      },
      "engines": {
        "node": ">=18.0.0"
      }
    },
    "node_modules/@azure/core-client": {
      "version": "1.9.2",
      "resolved": "https://pkgs.dev.azure.com/mseng/PipelineTools/_packaging/PipelineTools_PublicPackages/npm/registry/@azure/core-client/-/core-client-1.9.2.tgz",
      "integrity": "sha512-kRdry/rav3fUKHl/aDLd/pDLcB+4pOFwPPTVEExuMyaI5r+JBbMWqRbCY1pn5BniDaU3lRxO9eaQ1AmSMehl/w==",
      "dependencies": {
        "@azure/abort-controller": "^2.0.0",
        "@azure/core-auth": "^1.4.0",
        "@azure/core-rest-pipeline": "^1.9.1",
        "@azure/core-tracing": "^1.0.0",
        "@azure/core-util": "^1.6.1",
        "@azure/logger": "^1.0.0",
        "tslib": "^2.6.2"
      },
      "engines": {
        "node": ">=18.0.0"
      }
    },
    "node_modules/@azure/core-client/node_modules/@azure/abort-controller": {
      "version": "2.1.2",
      "resolved": "https://pkgs.dev.azure.com/mseng/PipelineTools/_packaging/PipelineTools_PublicPackages/npm/registry/@azure/abort-controller/-/abort-controller-2.1.2.tgz",
      "integrity": "sha512-nBrLsEWm4J2u5LpAPjxADTlq3trDgVZZXHNKabeXZtpq3d3AbN/KGO82R87rdDz5/lYB024rtEf10/q0urNgsA==",
      "dependencies": {
        "tslib": "^2.6.2"
      },
      "engines": {
        "node": ">=18.0.0"
      }
    },
    "node_modules/@azure/core-http-compat": {
      "version": "2.1.2",
      "resolved": "https://pkgs.dev.azure.com/mseng/PipelineTools/_packaging/PipelineTools_PublicPackages/npm/registry/@azure/core-http-compat/-/core-http-compat-2.1.2.tgz",
      "integrity": "sha512-5MnV1yqzZwgNLLjlizsU3QqOeQChkIXw781Fwh1xdAqJR5AA32IUaq6xv1BICJvfbHoa+JYcaij2HFkhLbNTJQ==",
      "dependencies": {
        "@azure/abort-controller": "^2.0.0",
        "@azure/core-client": "^1.3.0",
        "@azure/core-rest-pipeline": "^1.3.0"
      },
      "engines": {
        "node": ">=18.0.0"
      }
    },
    "node_modules/@azure/core-http-compat/node_modules/@azure/abort-controller": {
      "version": "2.1.2",
      "resolved": "https://pkgs.dev.azure.com/mseng/PipelineTools/_packaging/PipelineTools_PublicPackages/npm/registry/@azure/abort-controller/-/abort-controller-2.1.2.tgz",
      "integrity": "sha512-nBrLsEWm4J2u5LpAPjxADTlq3trDgVZZXHNKabeXZtpq3d3AbN/KGO82R87rdDz5/lYB024rtEf10/q0urNgsA==",
      "dependencies": {
        "tslib": "^2.6.2"
      },
      "engines": {
        "node": ">=18.0.0"
      }
    },
    "node_modules/@azure/core-lro": {
      "version": "2.7.2",
      "resolved": "https://pkgs.dev.azure.com/mseng/PipelineTools/_packaging/PipelineTools_PublicPackages/npm/registry/@azure/core-lro/-/core-lro-2.7.2.tgz",
      "integrity": "sha512-0YIpccoX8m/k00O7mDDMdJpbr6mf1yWo2dfmxt5A8XVZVVMz2SSKaEbMCeJRvgQ0IaSlqhjT47p4hVIRRy90xw==",
      "dependencies": {
        "@azure/abort-controller": "^2.0.0",
        "@azure/core-util": "^1.2.0",
        "@azure/logger": "^1.0.0",
        "tslib": "^2.6.2"
      },
      "engines": {
        "node": ">=18.0.0"
      }
    },
    "node_modules/@azure/core-lro/node_modules/@azure/abort-controller": {
      "version": "2.1.2",
      "resolved": "https://pkgs.dev.azure.com/mseng/PipelineTools/_packaging/PipelineTools_PublicPackages/npm/registry/@azure/abort-controller/-/abort-controller-2.1.2.tgz",
      "integrity": "sha512-nBrLsEWm4J2u5LpAPjxADTlq3trDgVZZXHNKabeXZtpq3d3AbN/KGO82R87rdDz5/lYB024rtEf10/q0urNgsA==",
      "dependencies": {
        "tslib": "^2.6.2"
      },
      "engines": {
        "node": ">=18.0.0"
      }
    },
    "node_modules/@azure/core-paging": {
      "version": "1.6.2",
      "resolved": "https://pkgs.dev.azure.com/mseng/PipelineTools/_packaging/PipelineTools_PublicPackages/npm/registry/@azure/core-paging/-/core-paging-1.6.2.tgz",
      "integrity": "sha512-YKWi9YuCU04B55h25cnOYZHxXYtEvQEbKST5vqRga7hWY9ydd3FZHdeQF8pyh+acWZvppw13M/LMGx0LABUVMA==",
      "dependencies": {
        "tslib": "^2.6.2"
      },
      "engines": {
        "node": ">=18.0.0"
      }
    },
    "node_modules/@azure/core-rest-pipeline": {
      "version": "1.16.2",
      "resolved": "https://pkgs.dev.azure.com/mseng/PipelineTools/_packaging/PipelineTools_PublicPackages/npm/registry/@azure/core-rest-pipeline/-/core-rest-pipeline-1.16.2.tgz",
      "integrity": "sha512-Hnhm/PG9/SQ07JJyLDv3l9Qr8V3xgAe1hFoBYzt6LaalMxfL/ZqFaZf/bz5VN3pMcleCPwl8ivlS2Fjxq/iC8Q==",
      "dependencies": {
        "@azure/abort-controller": "^2.0.0",
        "@azure/core-auth": "^1.4.0",
        "@azure/core-tracing": "^1.0.1",
        "@azure/core-util": "^1.9.0",
        "@azure/logger": "^1.0.0",
        "http-proxy-agent": "^7.0.0",
        "https-proxy-agent": "^7.0.0",
        "tslib": "^2.6.2"
      },
      "engines": {
        "node": ">=18.0.0"
      }
    },
    "node_modules/@azure/core-rest-pipeline/node_modules/@azure/abort-controller": {
      "version": "2.1.2",
      "resolved": "https://pkgs.dev.azure.com/mseng/PipelineTools/_packaging/PipelineTools_PublicPackages/npm/registry/@azure/abort-controller/-/abort-controller-2.1.2.tgz",
      "integrity": "sha512-nBrLsEWm4J2u5LpAPjxADTlq3trDgVZZXHNKabeXZtpq3d3AbN/KGO82R87rdDz5/lYB024rtEf10/q0urNgsA==",
      "dependencies": {
        "tslib": "^2.6.2"
      },
      "engines": {
        "node": ">=18.0.0"
      }
    },
    "node_modules/@azure/core-tracing": {
      "version": "1.1.2",
      "resolved": "https://pkgs.dev.azure.com/mseng/PipelineTools/_packaging/PipelineTools_PublicPackages/npm/registry/@azure/core-tracing/-/core-tracing-1.1.2.tgz",
      "integrity": "sha512-dawW9ifvWAWmUm9/h+/UQ2jrdvjCJ7VJEuCJ6XVNudzcOwm53BFZH4Q845vjfgoUAM8ZxokvVNxNxAITc502YA==",
      "dependencies": {
        "tslib": "^2.6.2"
      },
      "engines": {
        "node": ">=18.0.0"
      }
    },
    "node_modules/@azure/core-util": {
      "version": "1.9.1",
      "resolved": "https://pkgs.dev.azure.com/mseng/PipelineTools/_packaging/PipelineTools_PublicPackages/npm/registry/@azure/core-util/-/core-util-1.9.1.tgz",
      "integrity": "sha512-OLsq0etbHO1MA7j6FouXFghuHrAFGk+5C1imcpQ2e+0oZhYF07WLA+NW2Vqs70R7d+zOAWiWM3tbE1sXcDN66g==",
      "dependencies": {
        "@azure/abort-controller": "^2.0.0",
        "tslib": "^2.6.2"
      },
      "engines": {
        "node": ">=18.0.0"
      }
    },
    "node_modules/@azure/core-util/node_modules/@azure/abort-controller": {
      "version": "2.1.2",
      "resolved": "https://pkgs.dev.azure.com/mseng/PipelineTools/_packaging/PipelineTools_PublicPackages/npm/registry/@azure/abort-controller/-/abort-controller-2.1.2.tgz",
      "integrity": "sha512-nBrLsEWm4J2u5LpAPjxADTlq3trDgVZZXHNKabeXZtpq3d3AbN/KGO82R87rdDz5/lYB024rtEf10/q0urNgsA==",
      "dependencies": {
        "tslib": "^2.6.2"
      },
      "engines": {
        "node": ">=18.0.0"
      }
    },
    "node_modules/@azure/identity": {
      "version": "3.4.2",
      "resolved": "https://pkgs.dev.azure.com/mseng/PipelineTools/_packaging/PipelineTools_PublicPackages/npm/registry/@azure/identity/-/identity-3.4.2.tgz",
      "integrity": "sha512-0q5DL4uyR0EZ4RXQKD8MadGH6zTIcloUoS/RVbCpNpej4pwte0xpqYxk8K97Py2RiuUvI7F4GXpoT4046VfufA==",
      "dependencies": {
        "@azure/abort-controller": "^1.0.0",
        "@azure/core-auth": "^1.5.0",
        "@azure/core-client": "^1.4.0",
        "@azure/core-rest-pipeline": "^1.1.0",
        "@azure/core-tracing": "^1.0.0",
        "@azure/core-util": "^1.6.1",
        "@azure/logger": "^1.0.0",
        "@azure/msal-browser": "^3.5.0",
        "@azure/msal-node": "^2.5.1",
        "events": "^3.0.0",
        "jws": "^4.0.0",
        "open": "^8.0.0",
        "stoppable": "^1.1.0",
        "tslib": "^2.2.0"
      },
      "engines": {
        "node": ">=14.0.0"
      }
    },
    "node_modules/@azure/logger": {
      "version": "1.1.3",
      "resolved": "https://pkgs.dev.azure.com/mseng/PipelineTools/_packaging/PipelineTools_PublicPackages/npm/registry/@azure/logger/-/logger-1.1.3.tgz",
      "integrity": "sha512-J8/cIKNQB1Fc9fuYqBVnrppiUtW+5WWJPCj/tAokC5LdSTwkWWttN+jsRgw9BLYD7JDBx7PceiqOBxJJ1tQz3Q==",
      "dependencies": {
        "tslib": "^2.6.2"
      },
      "engines": {
        "node": ">=18.0.0"
      }
    },
    "node_modules/@azure/msal-browser": {
      "version": "3.20.0",
      "resolved": "https://pkgs.dev.azure.com/mseng/PipelineTools/_packaging/PipelineTools_PublicPackages/npm/registry/@azure/msal-browser/-/msal-browser-3.20.0.tgz",
      "integrity": "sha512-ErsxbfCGIwdqD8jipqdxpfAGiUEQS7MWUe39Rjhl0ZVPsb1JEe9bZCe2+0g23HDH6DGyCAtnTNN9scPtievrMQ==",
      "dependencies": {
        "@azure/msal-common": "14.14.0"
      },
      "engines": {
        "node": ">=0.8.0"
      }
    },
    "node_modules/@azure/msal-common": {
      "version": "14.14.0",
      "resolved": "https://pkgs.dev.azure.com/mseng/PipelineTools/_packaging/PipelineTools_PublicPackages/npm/registry/@azure/msal-common/-/msal-common-14.14.0.tgz",
      "integrity": "sha512-OxcOk9H1/1fktHh6//VCORgSNJc2dCQObTm6JNmL824Z6iZSO6eFo/Bttxe0hETn9B+cr7gDouTQtsRq3YPuSQ==",
      "engines": {
        "node": ">=0.8.0"
      }
    },
    "node_modules/@azure/msal-node": {
      "version": "2.12.0",
      "resolved": "https://pkgs.dev.azure.com/mseng/PipelineTools/_packaging/PipelineTools_PublicPackages/npm/registry/@azure/msal-node/-/msal-node-2.12.0.tgz",
      "integrity": "sha512-jmk5Im5KujRA2AcyCb0awA3buV8niSrwXZs+NBJWIvxOz76RvNlusGIqi43A0h45BPUy93Qb+CPdpJn82NFTIg==",
      "dependencies": {
        "@azure/msal-common": "14.14.0",
        "jsonwebtoken": "^9.0.0",
        "uuid": "^8.3.0"
      },
      "engines": {
        "node": ">=16"
      }
    },
    "node_modules/@types/mocha": {
      "version": "5.2.7",
      "resolved": "https://pkgs.dev.azure.com/mseng/PipelineTools/_packaging/PipelineTools_PublicPackages/npm/registry/@types/mocha/-/mocha-5.2.7.tgz",
      "integrity": "sha512-NYrtPht0wGzhwe9+/idPaBB+TqkY9AhTvOLMkThm0IoEfLaiVQZwBwyJ5puCkO3AUCWrmcoePjp2mbFocKy4SQ=="
    },
    "node_modules/@types/node": {
      "version": "20.14.13",
      "resolved": "https://pkgs.dev.azure.com/mseng/PipelineTools/_packaging/PipelineTools_PublicPackages/npm/registry/@types/node/-/node-20.14.13.tgz",
      "integrity": "sha512-+bHoGiZb8UiQ0+WEtmph2IWQCjIqg8MDZMAV+ppRRhUZnquF5mQkP/9vpSwJClEiSM/C7fZZExPzfU0vJTyp8w==",
      "dependencies": {
        "undici-types": "~5.26.4"
      }
    },
    "node_modules/agent-base": {
      "version": "6.0.2",
      "resolved": "https://pkgs.dev.azure.com/mseng/PipelineTools/_packaging/PipelineTools_PublicPackages/npm/registry/agent-base/-/agent-base-6.0.2.tgz",
      "integrity": "sha512-RZNwNclF7+MS/8bDg70amg32dyeZGZxiDuQmZxKLAlQjr3jGyLx+4Kkk58UO7D2QdgFIQCovuSuZESne6RG6XQ==",
      "dependencies": {
        "debug": "4"
      },
      "engines": {
        "node": ">= 6.0.0"
      }
    },
    "node_modules/azure-pipelines-task-lib": {
      "resolved": "../../task-lib/node/_build",
      "link": true
    },
    "node_modules/azure-pipelines-tasks-azure-arm-rest": {
      "resolved": "../../tasks-common/common-npm-packages/azure-arm-rest/_build",
      "link": true
    },
    "node_modules/buffer-equal-constant-time": {
      "version": "1.0.1",
      "resolved": "https://pkgs.dev.azure.com/mseng/PipelineTools/_packaging/PipelineTools_PublicPackages/npm/registry/buffer-equal-constant-time/-/buffer-equal-constant-time-1.0.1.tgz",
      "integrity": "sha512-zRpUiDwd/xk6ADqPMATG8vc9VPrkck7T07OIx0gnjmJAnHnTVXNQG3vfvWNuiZIkwu9KrKdA1iJKfsfTVxE6NA=="
    },
    "node_modules/debug": {
      "version": "4.3.6",
      "resolved": "https://pkgs.dev.azure.com/mseng/PipelineTools/_packaging/PipelineTools_PublicPackages/npm/registry/debug/-/debug-4.3.6.tgz",
      "integrity": "sha512-O/09Bd4Z1fBrU4VzkhFqVgpPzaGbw6Sm9FEkBT1A/YBXQFGuuSxa1dN2nxgxS34JmKXqYx8CZAwEVoJFImUXIg==",
      "dependencies": {
        "ms": "2.1.2"
      },
      "engines": {
        "node": ">=6.0"
      },
      "peerDependenciesMeta": {
        "supports-color": {
          "optional": true
        }
      }
    },
    "node_modules/define-lazy-prop": {
      "version": "2.0.0",
      "resolved": "https://pkgs.dev.azure.com/mseng/PipelineTools/_packaging/PipelineTools_PublicPackages/npm/registry/define-lazy-prop/-/define-lazy-prop-2.0.0.tgz",
      "integrity": "sha512-Ds09qNh8yw3khSjiJjiUInaGX9xlqZDY7JVryGxdxV7NPeuqQfplOpQ66yJFZut3jLa5zOwkXw1g9EI2uKh4Og==",
      "engines": {
        "node": ">=8"
      }
    },
    "node_modules/ecdsa-sig-formatter": {
      "version": "1.0.11",
      "resolved": "https://pkgs.dev.azure.com/mseng/PipelineTools/_packaging/PipelineTools_PublicPackages/npm/registry/ecdsa-sig-formatter/-/ecdsa-sig-formatter-1.0.11.tgz",
      "integrity": "sha512-nagl3RYrbNv6kQkeJIpt6NJZy8twLB/2vtz6yN9Z4vRKHN4/QZJIEbqohALSgwKdnksuY3k5Addp5lg8sVoVcQ==",
      "dependencies": {
        "safe-buffer": "^5.0.1"
      }
    },
    "node_modules/events": {
      "version": "3.3.0",
      "resolved": "https://pkgs.dev.azure.com/mseng/PipelineTools/_packaging/PipelineTools_PublicPackages/npm/registry/events/-/events-3.3.0.tgz",
      "integrity": "sha512-mQw+2fkQbALzQ7V0MY0IqdnXNOeTtP4r0lN9z7AAawCXgqea7bDii20AYrIBrFd/Hx0M2Ocz6S111CaFkUcb0Q==",
      "engines": {
        "node": ">=0.8.x"
      }
    },
    "node_modules/http-proxy-agent": {
      "version": "7.0.2",
      "resolved": "https://pkgs.dev.azure.com/mseng/PipelineTools/_packaging/PipelineTools_PublicPackages/npm/registry/http-proxy-agent/-/http-proxy-agent-7.0.2.tgz",
      "integrity": "sha512-T1gkAiYYDWYx3V5Bmyu7HcfcvL7mUrTWiM6yOfa3PIphViJ/gFPbvidQ+veqSOHci/PxBcDabeUNCzpOODJZig==",
      "dependencies": {
        "agent-base": "^7.1.0",
        "debug": "^4.3.4"
      },
      "engines": {
        "node": ">= 14"
      }
    },
    "node_modules/http-proxy-agent/node_modules/agent-base": {
      "version": "7.1.1",
      "resolved": "https://pkgs.dev.azure.com/mseng/PipelineTools/_packaging/PipelineTools_PublicPackages/npm/registry/agent-base/-/agent-base-7.1.1.tgz",
      "integrity": "sha512-H0TSyFNDMomMNJQBn8wFV5YC/2eJ+VXECwOadZJT554xP6cODZHPX3H9QMQECxvrgiSOP1pHjy1sMWQVYJOUOA==",
      "dependencies": {
        "debug": "^4.3.4"
      },
      "engines": {
        "node": ">= 14"
      }
    },
    "node_modules/https-proxy-agent": {
      "version": "7.0.5",
      "resolved": "https://pkgs.dev.azure.com/mseng/PipelineTools/_packaging/PipelineTools_PublicPackages/npm/registry/https-proxy-agent/-/https-proxy-agent-7.0.5.tgz",
      "integrity": "sha512-1e4Wqeblerz+tMKPIq2EMGiiWW1dIjZOksyHWSUm1rmuvw/how9hBHZ38lAGj5ID4Ik6EdkOw7NmWPy6LAwalw==",
      "dependencies": {
        "agent-base": "^7.0.2",
        "debug": "4"
      },
      "engines": {
        "node": ">= 14"
      }
    },
    "node_modules/https-proxy-agent/node_modules/agent-base": {
      "version": "7.1.1",
      "resolved": "https://pkgs.dev.azure.com/mseng/PipelineTools/_packaging/PipelineTools_PublicPackages/npm/registry/agent-base/-/agent-base-7.1.1.tgz",
      "integrity": "sha512-H0TSyFNDMomMNJQBn8wFV5YC/2eJ+VXECwOadZJT554xP6cODZHPX3H9QMQECxvrgiSOP1pHjy1sMWQVYJOUOA==",
      "dependencies": {
        "debug": "^4.3.4"
      },
      "engines": {
        "node": ">= 14"
      }
    },
    "node_modules/is-docker": {
      "version": "2.2.1",
      "resolved": "https://pkgs.dev.azure.com/mseng/PipelineTools/_packaging/PipelineTools_PublicPackages/npm/registry/is-docker/-/is-docker-2.2.1.tgz",
      "integrity": "sha512-F+i2BKsFrH66iaUFc0woD8sLy8getkwTwtOBjvs56Cx4CgJDeKQeqfz8wAYiSb8JOprWhHH5p77PbmYCvvUuXQ==",
      "bin": {
        "is-docker": "cli.js"
      },
      "engines": {
        "node": ">=8"
      },
      "funding": {
        "url": "https://github.com/sponsors/sindresorhus"
      }
    },
    "node_modules/is-wsl": {
      "version": "2.2.0",
      "resolved": "https://pkgs.dev.azure.com/mseng/PipelineTools/_packaging/PipelineTools_PublicPackages/npm/registry/is-wsl/-/is-wsl-2.2.0.tgz",
      "integrity": "sha512-fKzAra0rGJUUBwGBgNkHZuToZcn+TtXHpeCgmkMJMMYx1sQDYaCSyjJBSCa2nH1DGm7s3n1oBnohoVTBaN7Lww==",
      "dependencies": {
        "is-docker": "^2.0.0"
      },
      "engines": {
        "node": ">=8"
      }
    },
    "node_modules/jsonwebtoken": {
      "version": "9.0.2",
      "resolved": "https://pkgs.dev.azure.com/mseng/PipelineTools/_packaging/PipelineTools_PublicPackages/npm/registry/jsonwebtoken/-/jsonwebtoken-9.0.2.tgz",
      "integrity": "sha512-PRp66vJ865SSqOlgqS8hujT5U4AOgMfhrwYIuIhfKaoSCZcirrmASQr8CX7cUg+RMih+hgznrjp99o+W4pJLHQ==",
      "dependencies": {
        "jws": "^3.2.2",
        "lodash.includes": "^4.3.0",
        "lodash.isboolean": "^3.0.3",
        "lodash.isinteger": "^4.0.4",
        "lodash.isnumber": "^3.0.3",
        "lodash.isplainobject": "^4.0.6",
        "lodash.isstring": "^4.0.1",
        "lodash.once": "^4.0.0",
        "ms": "^2.1.1",
        "semver": "^7.5.4"
      },
      "engines": {
        "node": ">=12",
        "npm": ">=6"
      }
    },
    "node_modules/jsonwebtoken/node_modules/jwa": {
      "version": "1.4.1",
      "resolved": "https://pkgs.dev.azure.com/mseng/PipelineTools/_packaging/PipelineTools_PublicPackages/npm/registry/jwa/-/jwa-1.4.1.tgz",
      "integrity": "sha512-qiLX/xhEEFKUAJ6FiBMbes3w9ATzyk5W7Hvzpa/SLYdxNtng+gcurvrI7TbACjIXlsJyr05/S1oUhZrc63evQA==",
      "dependencies": {
        "buffer-equal-constant-time": "1.0.1",
        "ecdsa-sig-formatter": "1.0.11",
        "safe-buffer": "^5.0.1"
      }
    },
    "node_modules/jsonwebtoken/node_modules/jws": {
      "version": "3.2.2",
      "resolved": "https://pkgs.dev.azure.com/mseng/PipelineTools/_packaging/PipelineTools_PublicPackages/npm/registry/jws/-/jws-3.2.2.tgz",
      "integrity": "sha512-YHlZCB6lMTllWDtSPHz/ZXTsi8S00usEV6v1tjq8tOUZzw7DpSDWVXjXDre6ed1w/pd495ODpHZYSdkRTsa0HA==",
      "dependencies": {
        "jwa": "^1.4.1",
        "safe-buffer": "^5.0.1"
      }
    },
    "node_modules/jsonwebtoken/node_modules/semver": {
      "version": "7.6.3",
      "resolved": "https://pkgs.dev.azure.com/mseng/PipelineTools/_packaging/PipelineTools_PublicPackages/npm/registry/semver/-/semver-7.6.3.tgz",
      "integrity": "sha512-oVekP1cKtI+CTDvHWYFUcMtsK/00wmAEfyqKfNdARm8u1wNVhSgaX7A8d4UuIlUI5e84iEwOhs7ZPYRmzU9U6A==",
      "bin": {
        "semver": "bin/semver.js"
      },
      "engines": {
        "node": ">=10"
      }
    },
    "node_modules/jwa": {
      "version": "2.0.0",
      "resolved": "https://pkgs.dev.azure.com/mseng/PipelineTools/_packaging/PipelineTools_PublicPackages/npm/registry/jwa/-/jwa-2.0.0.tgz",
      "integrity": "sha512-jrZ2Qx916EA+fq9cEAeCROWPTfCwi1IVHqT2tapuqLEVVDKFDENFw1oL+MwrTvH6msKxsd1YTDVw6uKEcsrLEA==",
      "dependencies": {
        "buffer-equal-constant-time": "1.0.1",
        "ecdsa-sig-formatter": "1.0.11",
        "safe-buffer": "^5.0.1"
      }
    },
    "node_modules/jws": {
      "version": "4.0.0",
      "resolved": "https://pkgs.dev.azure.com/mseng/PipelineTools/_packaging/PipelineTools_PublicPackages/npm/registry/jws/-/jws-4.0.0.tgz",
      "integrity": "sha512-KDncfTmOZoOMTFG4mBlG0qUIOlc03fmzH+ru6RgYVZhPkyiy/92Owlt/8UEN+a4TXR1FQetfIpJE8ApdvdVxTg==",
      "dependencies": {
        "jwa": "^2.0.0",
        "safe-buffer": "^5.0.1"
      }
    },
    "node_modules/lodash": {
      "version": "4.17.21",
      "resolved": "https://pkgs.dev.azure.com/mseng/PipelineTools/_packaging/PipelineTools_PublicPackages/npm/registry/lodash/-/lodash-4.17.21.tgz",
      "integrity": "sha512-v2kDEe57lecTulaDIuNTPy3Ry4gLGJ6Z1O3vE1krgXZNrsQ+LFTGHVxVjcXPs17LhbZVGedAJv8XZ1tvj5FvSg=="
    },
    "node_modules/lodash.includes": {
      "version": "4.3.0",
      "resolved": "https://pkgs.dev.azure.com/mseng/PipelineTools/_packaging/PipelineTools_PublicPackages/npm/registry/lodash.includes/-/lodash.includes-4.3.0.tgz",
      "integrity": "sha512-W3Bx6mdkRTGtlJISOvVD/lbqjTlPPUDTMnlXZFnVwi9NKJ6tiAk6LVdlhZMm17VZisqhKcgzpO5Wz91PCt5b0w=="
    },
    "node_modules/lodash.isboolean": {
      "version": "3.0.3",
      "resolved": "https://pkgs.dev.azure.com/mseng/PipelineTools/_packaging/PipelineTools_PublicPackages/npm/registry/lodash.isboolean/-/lodash.isboolean-3.0.3.tgz",
      "integrity": "sha512-Bz5mupy2SVbPHURB98VAcw+aHh4vRV5IPNhILUCsOzRmsTmSQ17jIuqopAentWoehktxGd9e/hbIXq980/1QJg=="
    },
    "node_modules/lodash.isinteger": {
      "version": "4.0.4",
      "resolved": "https://pkgs.dev.azure.com/mseng/PipelineTools/_packaging/PipelineTools_PublicPackages/npm/registry/lodash.isinteger/-/lodash.isinteger-4.0.4.tgz",
      "integrity": "sha512-DBwtEWN2caHQ9/imiNeEA5ys1JoRtRfY3d7V9wkqtbycnAmTvRRmbHKDV4a0EYc678/dia0jrte4tjYwVBaZUA=="
    },
    "node_modules/lodash.isnumber": {
      "version": "3.0.3",
      "resolved": "https://pkgs.dev.azure.com/mseng/PipelineTools/_packaging/PipelineTools_PublicPackages/npm/registry/lodash.isnumber/-/lodash.isnumber-3.0.3.tgz",
      "integrity": "sha512-QYqzpfwO3/CWf3XP+Z+tkQsfaLL/EnUlXWVkIk5FUPc4sBdTehEqZONuyRt2P67PXAk+NXmTBcc97zw9t1FQrw=="
    },
    "node_modules/lodash.isplainobject": {
      "version": "4.0.6",
      "resolved": "https://pkgs.dev.azure.com/mseng/PipelineTools/_packaging/PipelineTools_PublicPackages/npm/registry/lodash.isplainobject/-/lodash.isplainobject-4.0.6.tgz",
      "integrity": "sha512-oSXzaWypCMHkPC3NvBEaPHf0KsA5mvPrOPgQWDsbg8n7orZ290M0BmC/jgRZ4vcJ6DTAhjrsSYgdsW/F+MFOBA=="
    },
    "node_modules/lodash.isstring": {
      "version": "4.0.1",
      "resolved": "https://pkgs.dev.azure.com/mseng/PipelineTools/_packaging/PipelineTools_PublicPackages/npm/registry/lodash.isstring/-/lodash.isstring-4.0.1.tgz",
      "integrity": "sha512-0wJxfxH1wgO3GrbuP+dTTk7op+6L41QCXbGINEmD+ny/G/eCqGzxyCsh7159S+mgDDcoarnBw6PC1PS5+wUGgw=="
    },
    "node_modules/lodash.once": {
      "version": "4.1.1",
      "resolved": "https://pkgs.dev.azure.com/mseng/PipelineTools/_packaging/PipelineTools_PublicPackages/npm/registry/lodash.once/-/lodash.once-4.1.1.tgz",
      "integrity": "sha512-Sb487aTOCr9drQVL8pIxOzVhafOjZN9UU54hiN8PU3uAiSV7lx1yYNpbNmex2PK6dSJoNTSJUUswT651yww3Mg=="
    },
    "node_modules/ms": {
      "version": "2.1.2",
      "resolved": "https://pkgs.dev.azure.com/mseng/PipelineTools/_packaging/PipelineTools_PublicPackages/npm/registry/ms/-/ms-2.1.2.tgz",
      "integrity": "sha512-sGkPx+VjMtmA6MX27oA4FBFELFCZZ4S4XqeGOXCv68tT+jb3vk/RyaKWP0PTKyWtmLSM0b+adUTEvbs1PEaH2w=="
    },
    "node_modules/open": {
      "version": "8.4.2",
      "resolved": "https://pkgs.dev.azure.com/mseng/PipelineTools/_packaging/PipelineTools_PublicPackages/npm/registry/open/-/open-8.4.2.tgz",
      "integrity": "sha512-7x81NCL719oNbsq/3mh+hVrAWmFuEYUqrq/Iw3kUzH8ReypT9QQ0BLoJS7/G9k6N81XjW4qHWtjWwe/9eLy1EQ==",
      "dependencies": {
        "define-lazy-prop": "^2.0.0",
        "is-docker": "^2.1.1",
        "is-wsl": "^2.2.0"
      },
      "engines": {
        "node": ">=12"
      },
      "funding": {
        "url": "https://github.com/sponsors/sindresorhus"
      }
    },
    "node_modules/safe-buffer": {
      "version": "5.2.1",
      "resolved": "https://pkgs.dev.azure.com/mseng/PipelineTools/_packaging/PipelineTools_PublicPackages/npm/registry/safe-buffer/-/safe-buffer-5.2.1.tgz",
      "integrity": "sha512-rp3So07KcdmmKbGvgaNxQSJr7bGVSVk5S9Eq1F+ppbRo70+YeaDxkw5Dd8NPN+GD6bjnYm2VuPuCXmpuYvmCXQ==",
      "funding": [
        {
          "type": "github",
          "url": "https://github.com/sponsors/feross"
        },
        {
          "type": "patreon",
          "url": "https://www.patreon.com/feross"
        },
        {
          "type": "consulting",
          "url": "https://feross.org/support"
        }
      ]
    },
    "node_modules/stoppable": {
      "version": "1.1.0",
      "resolved": "https://pkgs.dev.azure.com/mseng/PipelineTools/_packaging/PipelineTools_PublicPackages/npm/registry/stoppable/-/stoppable-1.1.0.tgz",
      "integrity": "sha512-KXDYZ9dszj6bzvnEMRYvxgeTHU74QBFL54XKtP3nyMuJ81CFYtABZ3bAzL2EdFUaEwJOBOgENyFj3R7oTzDyyw==",
      "engines": {
        "node": ">=4",
        "npm": ">=6"
      }
    },
    "node_modules/tslib": {
      "version": "2.6.3",
      "resolved": "https://pkgs.dev.azure.com/mseng/PipelineTools/_packaging/PipelineTools_PublicPackages/npm/registry/tslib/-/tslib-2.6.3.tgz",
      "integrity": "sha512-xNvxJEOUiWPGhUuUdQgAJPKOOJfGnIyKySOc09XkKsgdUV/3E2zvwZYdejjmRgPCgcym1juLH3226yA7sEFJKQ=="
    },
    "node_modules/typescript": {
      "version": "5.1.6",
      "resolved": "https://pkgs.dev.azure.com/mseng/PipelineTools/_packaging/PipelineTools_PublicPackages/npm/registry/typescript/-/typescript-5.1.6.tgz",
      "integrity": "sha512-zaWCozRZ6DLEWAWFrVDz1H6FVXzUSfTy5FUMWsQlU8Ym5JP9eO4xkTIROFCQvhQf61z6O/G6ugw3SgAnvvm+HA==",
      "dev": true,
      "bin": {
        "tsc": "bin/tsc",
        "tsserver": "bin/tsserver"
      },
      "engines": {
        "node": ">=14.17"
      }
    },
    "node_modules/undici-types": {
      "version": "5.26.5",
      "resolved": "https://pkgs.dev.azure.com/mseng/PipelineTools/_packaging/PipelineTools_PublicPackages/npm/registry/undici-types/-/undici-types-5.26.5.tgz",
      "integrity": "sha512-JlCMO+ehdEIKqlFxk6IfVoAUVmgz7cU7zD/h9XZ0qzeosSHmUJVOzSQvvYSYWXkFXC+IfLKSIffhv0sVZup6pA=="
    },
    "node_modules/uuid": {
      "version": "8.3.2",
      "resolved": "https://pkgs.dev.azure.com/mseng/PipelineTools/_packaging/PipelineTools_PublicPackages/npm/registry/uuid/-/uuid-8.3.2.tgz",
      "integrity": "sha512-+NYs2QeMWy+GWFOEm9xnn6HCDp0l7QBD7ml8zLUmJ+93Q5NF0NocErnwkTkXVFNiX3/fpC6afS8Dhb/gz7R7eg==",
      "bin": {
        "uuid": "dist/bin/uuid"
      }
    }
  }
}
