{
  "name": "AzureResourceGroupDeployment",
  "lockfileVersion": 1,
  "dependencies": {
    "azurestackrest-common": {
      "version": "file:..\\..\\_build\\Tasks\\Common\\azurestackrest-common",
      "dependencies": {
        "balanced-match": {
          "version": "1.0.0",
          "bundled": true
        },
        "brace-expansion": {
          "version": "1.1.8",
          "bundled": true
        },
        "concat-map": {
          "version": "0.0.1",
          "bundled": true
        },
        "minimatch": {
          "version": "3.0.4",
          "bundled": true
        },
        "mockery": {
          "version": "1.7.0",
          "bundled": true
        },
        "node-uuid": {
          "version": "1.4.8",
          "bundled": true
        },
        "q": {
          "version": "1.4.1",
          "bundled": true
        },
        "sax": {
          "version": "1.2.2",
          "bundled": true
        },
        "semver": {
          "version": "5.3.0",
          "bundled": true
        },
        "shelljs": {
          "version": "0.3.0",
          "bundled": true
        },
        "tunnel": {
          "version": "0.0.4",
          "bundled": true
        },
        "underscore": {
          "version": "1.8.3",
          "bundled": true
        },
        "vso-node-api": {
          "version": "6.0.1-preview",
          "bundled": true
        },
        "vsts-task-lib": {
          "version": "2.0.1-preview",
          "bundled": true
        },
        "xml2js": {
          "version": "0.4.13",
          "bundled": true
        },
        "xmlbuilder": {
          "version": "9.0.1",
          "bundled": true
        }
      }
    }
  }
}
