{
  "name": "vsts-tasks-azurermappservicedeployment",
  "version": "1.0.0",
  "lockfileVersion": 1,
  "requires": true,
  "dependencies": {
    "azure-arm-rest": {
      "version": "file:../../_build/Tasks/Common/azure-arm-rest",
      "requires": {
        "q": "1.4.1",
        "typed-rest-client": "0.12.0",
        "vsts-task-lib": "2.0.5"
      },
      "dependencies": {
        "balanced-match": {
          "version": "1.0.0",
          "bundled": true
        },
        "brace-expansion": {
          "version": "1.1.8",
          "bundled": true,
          "requires": {
            "balanced-match": "1.0.0",
            "concat-map": "0.0.1"
          }
        },
        "concat-map": {
          "version": "0.0.1",
          "bundled": true
        },
        "minimatch": {
          "version": "3.0.4",
          "bundled": true,
          "requires": {
            "brace-expansion": "1.1.8"
          }
        },
        "mockery": {
          "version": "1.7.0",
          "bundled": true
        },
        "q": {
          "version": "1.4.1",
          "bundled": true
        },
        "semver": {
          "version": "5.4.1",
          "bundled": true
        },
        "shelljs": {
          "version": "0.3.0",
          "bundled": true
        },
        "tunnel": {
          "version": "0.0.4",
          "bundled": true
        },
        "typed-rest-client": {
          "version": "0.12.0",
          "bundled": true,
          "requires": {
            "tunnel": "0.0.4",
            "underscore": "1.8.3"
          }
        },
        "underscore": {
          "version": "1.8.3",
          "bundled": true
        },
        "uuid": {
          "version": "3.1.0",
          "bundled": true
        },
        "vsts-task-lib": {
          "version": "2.0.5",
          "bundled": true,
          "requires": {
            "minimatch": "3.0.4",
            "mockery": "1.7.0",
            "q": "1.4.1",
            "semver": "5.4.1",
            "shelljs": "0.3.0",
            "uuid": "3.1.0"
          }
        }
      }
    },
    "balanced-match": {
      "version": "1.0.0",
      "resolved": "https://registry.npmjs.org/balanced-match/-/balanced-match-1.0.0.tgz",
      "integrity": "sha1-ibTRmasr7kneFk6gK4nORi1xt2c="
    },
    "brace-expansion": {
      "version": "1.1.8",
      "resolved": "https://registry.npmjs.org/brace-expansion/-/brace-expansion-1.1.8.tgz",
      "integrity": "sha1-wHshHHyVLsH479Uad+8NHTmQopI=",
      "requires": {
        "balanced-match": "1.0.0",
        "concat-map": "0.0.1"
      }
    },
    "concat-map": {
      "version": "0.0.1",
      "resolved": "https://registry.npmjs.org/concat-map/-/concat-map-0.0.1.tgz",
      "integrity": "sha1-2Klr13/Wjfd5OnMDajug1UBdR3s="
    },
    "minimatch": {
      "version": "3.0.4",
      "resolved": "https://registry.npmjs.org/minimatch/-/minimatch-3.0.4.tgz",
      "integrity": "sha512-yJHVQEhyqPLUTgt9B83PXu6W3rx4MvvHvSUvToogpwoGDOUQ+yDrR0HRot+yOCdCO7u4hX3pWft6kWBBcqh0UA==",
      "requires": {
        "brace-expansion": "1.1.8"
      }
    },
    "mockery": {
      "version": "1.7.0",
      "resolved": "https://registry.npmjs.org/mockery/-/mockery-1.7.0.tgz",
      "integrity": "sha1-9O3g2HUMHJcnwnLqLGBiniyaHE8="
    },
    "q": {
      "version": "https://registry.npmjs.org/q/-/q-1.4.1.tgz",
      "integrity": "sha1-VXBbzZPF82c1MMLCy8DCs63cKG4="
    },
    "sax": {
      "version": "1.2.4",
      "resolved": "https://registry.npmjs.org/sax/-/sax-1.2.4.tgz",
      "integrity": "sha512-NqVDv9TpANUjFm0N8uM5GxL36UgKi9/atZw+x7YFnQ8ckwFGKrl4xX4yWtrey3UJm5nP1kUbnYgLopqWNSRhWw=="
    },
    "semver": {
      "version": "5.5.0",
      "resolved": "https://registry.npmjs.org/semver/-/semver-5.5.0.tgz",
      "integrity": "sha512-4SJ3dm0WAwWy/NVeioZh5AntkdJoWKxHxcmyP622fOkgHa4z3R0TdBJICINyaSDE6uNwVc8gZr+ZinwZAH4xIA=="
    },
    "shelljs": {
      "version": "0.3.0",
      "resolved": "https://registry.npmjs.org/shelljs/-/shelljs-0.3.0.tgz",
      "integrity": "sha1-NZbmMHp4FUT1kfN9phg2DzHbV7E="
    },
    "uuid": {
      "version": "3.1.0",
      "resolved": "https://registry.npmjs.org/uuid/-/uuid-3.1.0.tgz",
      "integrity": "sha512-DIWtzUkw04M4k3bf1IcpS2tngXEL26YUD2M0tMDUpnUrz2hgzUBlD55a4FjdLGPvfHxS6uluGWvaVEqgBcVa+g=="
    },
    "vsts-task-lib": {
      "version": "2.0.5",
      "resolved": "https://registry.npmjs.org/vsts-task-lib/-/vsts-task-lib-2.0.5.tgz",
      "integrity": "sha1-y9WrIy6rtxDJaXkFMYcmlZHA1RA=",
      "requires": {
        "minimatch": "3.0.4",
        "mockery": "1.7.0",
        "q": "https://registry.npmjs.org/q/-/q-1.4.1.tgz",
        "semver": "5.5.0",
        "shelljs": "0.3.0",
        "uuid": "3.1.0"
      }
    },
    "webdeployment-common": {
      "version": "file:../../_build/Tasks/Common/webdeployment-common",
      "requires": {
        "archiver": "1.2.0",
        "decompress-zip": "0.3.0",
        "ltx": "2.6.2",
        "q": "1.4.1",
        "vsts-task-lib": "2.0.1-preview",
        "winreg": "1.2.2",
        "xml2js": "0.4.13"
      },
      "dependencies": {
        "abbrev": {
          "version": "1.0.9",
          "bundled": true
        },
        "archiver": {
          "version": "1.2.0",
          "bundled": true,
          "requires": {
            "archiver-utils": "1.3.0",
            "async": "2.1.4",
            "buffer-crc32": "0.2.13",
            "glob": "7.1.1",
            "lodash": "4.17.2",
            "readable-stream": "2.2.2",
            "tar-stream": "1.5.2",
            "zip-stream": "1.1.0"
          }
        },
        "archiver-utils": {
          "version": "1.3.0",
          "bundled": true,
          "requires": {
            "glob": "7.1.1",
            "graceful-fs": "4.1.11",
            "lazystream": "1.0.0",
            "lodash": "4.17.2",
            "normalize-path": "2.0.1",
            "readable-stream": "2.2.2"
          }
        },
        "async": {
          "version": "2.1.4",
          "bundled": true,
          "requires": {
            "lodash": "4.17.2"
          }
        },
        "balanced-match": {
          "version": "0.4.2",
          "bundled": true
        },
        "binary": {
          "version": "0.3.0",
          "bundled": true,
          "requires": {
            "buffers": "0.1.1",
            "chainsaw": "0.1.0"
          }
        },
        "bl": {
          "version": "1.1.2",
          "bundled": true,
          "requires": {
            "readable-stream": "2.0.6"
          },
          "dependencies": {
            "readable-stream": {
              "version": "2.0.6",
              "bundled": true,
              "requires": {
                "core-util-is": "1.0.2",
                "inherits": "2.0.3",
                "isarray": "1.0.0",
                "process-nextick-args": "1.0.7",
                "string_decoder": "0.10.31",
                "util-deprecate": "1.0.2"
              }
            }
          }
        },
        "brace-expansion": {
          "version": "1.1.6",
          "bundled": true,
          "requires": {
            "balanced-match": "0.4.2",
            "concat-map": "0.0.1"
          }
        },
        "buffer-crc32": {
          "version": "0.2.13",
          "bundled": true
        },
        "buffer-shims": {
          "version": "1.0.0",
          "bundled": true
        },
        "buffers": {
          "version": "0.1.1",
          "bundled": true
        },
        "chainsaw": {
          "version": "0.1.0",
          "bundled": true,
          "requires": {
            "traverse": "0.3.9"
          }
        },
        "compress-commons": {
          "version": "1.1.0",
          "bundled": true,
          "requires": {
            "buffer-crc32": "0.2.13",
            "crc32-stream": "1.0.0",
            "normalize-path": "2.0.1",
            "readable-stream": "2.2.2"
          }
        },
        "concat-map": {
          "version": "0.0.1",
          "bundled": true
        },
        "core-util-is": {
          "version": "1.0.2",
          "bundled": true
        },
        "crc32-stream": {
          "version": "1.0.0",
          "bundled": true,
          "requires": {
            "buffer-crc32": "0.2.13",
            "readable-stream": "2.2.2"
          }
        },
        "decompress-zip": {
          "version": "0.3.0",
          "bundled": true,
          "requires": {
            "binary": "0.3.0",
            "graceful-fs": "4.1.11",
            "mkpath": "0.1.0",
            "nopt": "3.0.6",
            "q": "1.4.1",
            "readable-stream": "1.1.14",
            "touch": "0.0.3"
          },
          "dependencies": {
            "isarray": {
              "version": "0.0.1",
              "bundled": true
            },
            "readable-stream": {
              "version": "1.1.14",
              "bundled": true,
              "requires": {
                "core-util-is": "1.0.2",
                "inherits": "2.0.3",
                "isarray": "0.0.1",
                "string_decoder": "0.10.31"
              }
            }
          }
        },
        "end-of-stream": {
          "version": "1.1.0",
          "bundled": true,
          "requires": {
            "once": "1.3.3"
          },
          "dependencies": {
            "once": {
              "version": "1.3.3",
              "bundled": true,
              "requires": {
                "wrappy": "1.0.2"
              }
            }
          }
        },
        "fs.realpath": {
          "version": "1.0.0",
          "bundled": true
        },
        "glob": {
          "version": "7.1.1",
          "bundled": true,
          "requires": {
            "fs.realpath": "1.0.0",
            "inflight": "1.0.6",
            "inherits": "2.0.3",
            "minimatch": "3.0.3",
            "once": "1.4.0",
            "path-is-absolute": "1.0.1"
          }
        },
        "graceful-fs": {
          "version": "4.1.11",
          "bundled": true
        },
        "inflight": {
          "version": "1.0.6",
          "bundled": true,
          "requires": {
            "once": "1.4.0",
            "wrappy": "1.0.2"
          }
        },
        "inherits": {
          "version": "2.0.3",
          "bundled": true
        },
        "isarray": {
          "version": "1.0.0",
          "bundled": true
        },
        "lazystream": {
          "version": "1.0.0",
          "bundled": true,
          "requires": {
            "readable-stream": "2.2.2"
          }
        },
        "lodash": {
          "version": "4.17.2",
          "bundled": true
        },
        "ltx": {
          "version": "2.6.2",
          "bundled": true,
          "requires": {
            "inherits": "2.0.3"
          }
        },
        "minimatch": {
          "version": "3.0.3",
          "bundled": true,
          "requires": {
            "brace-expansion": "1.1.6"
          }
        },
        "mkpath": {
          "version": "0.1.0",
          "bundled": true
        },
        "mockery": {
          "version": "1.7.0",
          "bundled": true
        },
        "node-uuid": {
          "version": "1.4.7",
          "bundled": true
        },
        "nopt": {
          "version": "3.0.6",
          "bundled": true,
          "requires": {
            "abbrev": "1.0.9"
          }
        },
        "normalize-path": {
          "version": "2.0.1",
          "bundled": true
        },
        "once": {
          "version": "1.4.0",
          "bundled": true,
          "requires": {
            "wrappy": "1.0.2"
          }
        },
        "path-is-absolute": {
          "version": "1.0.1",
          "bundled": true
        },
        "process-nextick-args": {
          "version": "1.0.7",
          "bundled": true
        },
        "q": {
          "version": "1.4.1",
          "bundled": true
        },
        "readable-stream": {
          "version": "2.2.2",
          "bundled": true,
          "requires": {
            "buffer-shims": "1.0.0",
            "core-util-is": "1.0.2",
            "inherits": "2.0.3",
            "isarray": "1.0.0",
            "process-nextick-args": "1.0.7",
            "string_decoder": "0.10.31",
            "util-deprecate": "1.0.2"
          }
        },
        "sax": {
          "version": "1.2.1",
          "bundled": true
        },
        "semver": {
          "version": "5.3.0",
          "bundled": true
        },
        "shelljs": {
          "version": "0.3.0",
          "bundled": true
        },
        "string_decoder": {
          "version": "0.10.31",
          "bundled": true
        },
        "tar-stream": {
          "version": "1.5.2",
          "bundled": true,
          "requires": {
            "bl": "1.1.2",
            "end-of-stream": "1.1.0",
            "readable-stream": "2.2.2",
            "xtend": "4.0.1"
          }
        },
        "touch": {
          "version": "0.0.3",
          "bundled": true,
          "requires": {
            "nopt": "1.0.10"
          },
          "dependencies": {
            "nopt": {
              "version": "1.0.10",
              "bundled": true,
              "requires": {
                "abbrev": "1.0.9"
              }
            }
          }
        },
        "traverse": {
          "version": "0.3.9",
          "bundled": true
        },
        "util-deprecate": {
          "version": "1.0.2",
          "bundled": true
        },
        "vsts-task-lib": {
          "version": "2.0.1-preview",
          "bundled": true,
          "requires": {
            "minimatch": "3.0.3",
            "mockery": "1.7.0",
            "node-uuid": "1.4.7",
            "q": "1.4.1",
            "semver": "5.3.0",
            "shelljs": "0.3.0"
          }
        },
        "winreg": {
          "version": "1.2.2",
          "bundled": true
        },
        "wrappy": {
          "version": "1.0.2",
          "bundled": true
        },
        "xml2js": {
          "version": "0.4.13",
          "bundled": true,
          "requires": {
            "sax": "1.2.1",
            "xmlbuilder": "8.2.2"
          }
        },
        "xmlbuilder": {
          "version": "8.2.2",
          "bundled": true
        },
        "xtend": {
          "version": "4.0.1",
          "bundled": true
        },
        "zip-stream": {
          "version": "1.1.0",
          "bundled": true,
          "requires": {
            "archiver-utils": "1.3.0",
            "compress-commons": "1.1.0",
            "lodash": "4.17.2",
            "readable-stream": "2.2.2"
          }
        }
      }
    },
    "xml2js": {
      "version": "0.4.13",
      "resolved": "https://registry.npmjs.org/xml2js/-/xml2js-0.4.13.tgz",
      "integrity": "sha1-+EQ+B0Oeb/ktmVKPSbvTScyfMGs=",
      "requires": {
        "sax": "1.2.4",
        "xmlbuilder": "9.0.4"
      }
    },
    "xmlbuilder": {
      "version": "9.0.4",
      "resolved": "https://registry.npmjs.org/xmlbuilder/-/xmlbuilder-9.0.4.tgz",
      "integrity": "sha1-UZy0ymhtAFqEINNJbz8MruzKWA8="
    }
  }
}
